
Microsoft Visual Studio Solution File, Format Version 12.00
# Visual Studio Version 17
VisualStudioVersion = 17.10.35326.205
MinimumVisualStudioVersion = 10.0.40219.1
Project("{9A19103F-16F7-4668-BE54-9A1E7A4F7556}") = "Universe.SqlServerQueryCache", "Universe.SqlServerQueryCache\Universe.SqlServerQueryCache.csproj", "{6951EB61-E7E6-4114-9699-B2A616C2811B}"
EndProject
Project("{9A19103F-16F7-4668-BE54-9A1E7A4F7556}") = "Universe.SqlServerQueryCache.Tests", "Universe.SqlServerQueryCache.Tests\Universe.SqlServerQueryCache.Tests.csproj", "{5FCE814D-CB35-402A-AC9F-263A7967DD16}"
EndProject
Project("{FAE04EC0-301F-11D3-BF4B-00C04F79EFBC}") = "Universe.SqlServerQueryCache.CLI", "Universe.SqlServerQueryCache.CLI\Universe.SqlServerQueryCache.CLI.csproj", "{56239A25-C7E2-44A8-98A2-4B51F8D833EE}"
EndProject
Global
	GlobalSection(SolutionConfigurationPlatforms) = preSolution
		Debug|Any CPU = Debug|Any CPU
		Release|Any CPU = Release|Any CPU
	EndGlobalSection
	GlobalSection(ProjectConfigurationPlatforms) = postSolution
		{6951EB61-E7E6-4114-9699-B2A616C2811B}.Debug|Any CPU.ActiveCfg = Debug|Any CPU
		{6951EB61-E7E6-4114-9699-B2A616C2811B}.Debug|Any CPU.Build.0 = Debug|Any CPU
		{6951EB61-E7E6-4114-9699-B2A616C2811B}.Release|Any CPU.ActiveCfg = Release|Any CPU
		{6951EB61-E7E6-4114-9699-B2A616C2811B}.Release|Any CPU.Build.0 = Release|Any CPU
		{5FCE814D-CB35-402A-AC9F-263A7967DD16}.Debug|Any CPU.ActiveCfg = Debug|Any CPU
		{5FCE814D-CB35-402A-AC9F-263A7967DD16}.Debug|Any CPU.Build.0 = Debug|Any CPU
		{5FCE814D-CB35-402A-AC9F-263A7967DD16}.Release|Any CPU.ActiveCfg = Release|Any CPU
		{5FCE814D-CB35-402A-AC9F-263A7967DD16}.Release|Any CPU.Build.0 = Release|Any CPU
		{56239A25-C7E2-44A8-98A2-4B51F8D833EE}.Debug|Any CPU.ActiveCfg = Debug|Any CPU
		{56239A25-C7E2-44A8-98A2-4B51F8D833EE}.Debug|Any CPU.Build.0 = Debug|Any CPU
		{56239A25-C7E2-44A8-98A2-4B51F8D833EE}.Release|Any CPU.ActiveCfg = Release|Any CPU
		{56239A25-C7E2-44A8-98A2-4B51F8D833EE}.Release|Any CPU.Build.0 = Release|Any CPU
	EndGlobalSection
	GlobalSection(SolutionProperties) = preSolution
		HideSolutionNode = FALSE
	EndGlobalSection
	GlobalSection(ExtensibilityGlobals) = postSolution
		SolutionGuid = {8947D3FF-FF84-4161-BAF4-302965F65F08}
	EndGlobalSection
EndGlobal
